
Microsoft Visual Studio Solution File, Format Version 12.00
# Visual Studio Version 16
VisualStudioVersion = 16.0.29926.136
MinimumVisualStudioVersion = 10.0.40219.1
Project("{FAE04EC0-301F-11D3-BF4B-00C04F79EFBC}") = "FirstApplication", "FirstApplication.csproj", "{23A2702B-0A89-4125-8D8A-3716CBF8F64F}"
EndProject
Global
	GlobalSection(SolutionConfigurationPlatforms) = preSolution
		Debug|Any CPU = Debug|Any CPU
		Release|Any CPU = Release|Any CPU
	EndGlobalSection
	GlobalSection(ProjectConfigurationPlatforms) = postSolution
		{23A2702B-0A89-4125-8D8A-3716CBF8F64F}.Debug|Any CPU.ActiveCfg = Debug|Any CPU
		{23A2702B-0A89-4125-8D8A-3716CBF8F64F}.Debug|Any CPU.Build.0 = Debug|Any CPU
		{23A2702B-0A89-4125-8D8A-3716CBF8F64F}.Release|Any CPU.ActiveCfg = Release|Any CPU
		{23A2702B-0A89-4125-8D8A-3716CBF8F64F}.Release|Any CPU.Build.0 = Release|Any CPU
	EndGlobalSection
	GlobalSection(SolutionProperties) = preSolution
		HideSolutionNode = FALSE
	EndGlobalSection
	GlobalSection(ExtensibilityGlobals) = postSolution
		SolutionGuid = {BD3B846F-2631-4906-AF81-604A45D700E3}
	EndGlobalSection
EndGlobal
